
Microsoft Visual Studio Solution File, Format Version 12.00
# Visual Studio Version 16
VisualStudioVersion = 16.0.32602.291
MinimumVisualStudioVersion = 10.0.40219.1
Project("{2150E333-8FDC-42A3-9474-1A3956D46DE8}") = "ShopManagement", "ShopManagement", "{660D19AD-D423-4EF2-B213-BEB9B1858CE8}"
EndProject
Project("{2150E333-8FDC-42A3-9474-1A3956D46DE8}") = "SM.Domain", "SM.Domain", "{61ADA008-0AA9-48FF-A35F-A1150432D391}"
EndProject
Project("{9A19103F-16F7-4668-BE54-9A1E7A4F7556}") = "ShopManagement.Domain", "ShopManagement.Domail\ShopManagement.Domain.csproj", "{281AA602-7718-42FF-8046-13446C0DE9E8}"
EndProject
Project("{9A19103F-16F7-4668-BE54-9A1E7A4F7556}") = "0_Framework", "0_Framework\0_Framework.csproj", "{D9E73A7B-F7BA-42B5-B4C6-2F81FF0C7B40}"
EndProject
Project("{2150E333-8FDC-42A3-9474-1A3956D46DE8}") = "SM.Application", "SM.Application", "{73720723-F7CC-4281-8908-78B63022F894}"
EndProject
Project("{9A19103F-16F7-4668-BE54-9A1E7A4F7556}") = "ShopManagement.Application.Contracts", "ShopManagement.Application.Contracts\ShopManagement.Application.Contracts.csproj", "{1234E416-8825-40B2-9DFE-42951ABC5D91}"
EndProject
Project("{9A19103F-16F7-4668-BE54-9A1E7A4F7556}") = "ShopManagement.Application", "ShopManagement.Application\ShopManagement.Application.csproj", "{0EF27A0B-50CA-463E-9AF7-7A591C9CAFD8}"
EndProject
Project("{2150E333-8FDC-42A3-9474-1A3956D46DE8}") = "SM.Infrastructure", "SM.Infrastructure", "{BB8CDF6A-D92C-4624-821A-70169DABBE26}"
EndProject
Project("{9A19103F-16F7-4668-BE54-9A1E7A4F7556}") = "ShopManagement.Infrastructure.EfCore", "ShopManagement.Infrastructure.EfCore\ShopManagement.Infrastructure.EfCore.csproj", "{2925D5B3-6C79-4D4D-ABD8-F8BA27A4412A}"
EndProject
Project("{9A19103F-16F7-4668-BE54-9A1E7A4F7556}") = "ShopManagement.Configuration", "ShopManagement.Configuration\ShopManagement.Configuration.csproj", "{E6753E2E-5474-4570-A5FF-799C21B6A27E}"
EndProject
Project("{9A19103F-16F7-4668-BE54-9A1E7A4F7556}") = "ServiceHost", "ServiceHost\ServiceHost.csproj", "{2A33DB64-8974-4B67-BF26-556E52422E3A}"
EndProject
Project("{9A19103F-16F7-4668-BE54-9A1E7A4F7556}") = "01_LampShadeQuery", "01_LampShadeQuery\01_LampShadeQuery.csproj", "{EE7968DC-F3C2-46FD-AC56-D39DD57382C1}"
EndProject
Project("{2150E333-8FDC-42A3-9474-1A3956D46DE8}") = "DiscountManagement", "DiscountManagement", "{6FE88DE1-45BC-49F8-BA7D-E10C16F7C888}"
EndProject
Project("{2150E333-8FDC-42A3-9474-1A3956D46DE8}") = "DM.Domain", "DM.Domain", "{990426FA-288E-4128-8DD8-B8BE118ADF16}"
EndProject
Project("{9A19103F-16F7-4668-BE54-9A1E7A4F7556}") = "DiscountManagement.Domain", "DiscountManagement.Domain\DiscountManagement.Domain.csproj", "{F9EEAF0F-A64A-45DB-939A-BCB1E96BE173}"
EndProject
Project("{2150E333-8FDC-42A3-9474-1A3956D46DE8}") = "DM.Application", "DM.Application", "{B4E14CF0-4350-4BC2-8688-7C93F7A5AEE3}"
EndProject
Project("{2150E333-8FDC-42A3-9474-1A3956D46DE8}") = "DM.Infrastructure", "DM.Infrastructure", "{0C647FCD-6079-49FF-B4BE-A3439FDE8CE0}"
EndProject
Project("{9A19103F-16F7-4668-BE54-9A1E7A4F7556}") = "DiscountManagement.Application.Contracts", "DiscountManagement.Application.Contracts\DiscountManagement.Application.Contracts.csproj", "{28318738-A61F-4137-952E-5526E106213D}"
EndProject
Project("{9A19103F-16F7-4668-BE54-9A1E7A4F7556}") = "DiscountManagement.Application", "DiscountManagement.Application\DiscountManagement.Application.csproj", "{927082D2-8068-434F-9C2C-2D7D9090AA04}"
EndProject
Project("{9A19103F-16F7-4668-BE54-9A1E7A4F7556}") = "DiscountManagement.Infrastructure.EfCore", "DiscountManagement.Infrastructure.EfCore\DiscountManagement.Infrastructure.EfCore.csproj", "{5B5189B7-17CA-4CE1-AC13-3FC817DD928D}"
EndProject
Project("{9A19103F-16F7-4668-BE54-9A1E7A4F7556}") = "DiscountManagement.Configuration", "DiscountManagement.Configuration\DiscountManagement.Configuration.csproj", "{9929C679-91DA-4C65-B27E-BD0F2A16FC68}"
EndProject
Project("{2150E333-8FDC-42A3-9474-1A3956D46DE8}") = "InventoryManagement", "InventoryManagement", "{D529A76E-184E-486F-96FC-0927F1E56A0C}"
EndProject
Project("{2150E333-8FDC-42A3-9474-1A3956D46DE8}") = "IM.Domain", "IM.Domain", "{9163388F-2879-4364-AB63-933905027540}"
EndProject
Project("{9A19103F-16F7-4668-BE54-9A1E7A4F7556}") = "InventoryManagement.Domain", "InventoryManagement.Domain\InventoryManagement.Domain.csproj", "{E0BACC20-99BA-4379-9818-01F5DD5E4342}"
EndProject
Project("{2150E333-8FDC-42A3-9474-1A3956D46DE8}") = "IM.Application", "IM.Application", "{3700EE8F-3DCA-4003-A2AF-167FD789605A}"
EndProject
Project("{9A19103F-16F7-4668-BE54-9A1E7A4F7556}") = "InventoryManagement.Application.Contract", "InventoryManagement.Application.Contract\InventoryManagement.Application.Contract.csproj", "{72003E41-F414-442C-8DCF-184D3AA4DB8A}"
EndProject
Project("{9A19103F-16F7-4668-BE54-9A1E7A4F7556}") = "InventoryManagement.Application", "InventoryManagement.Application\InventoryManagement.Application.csproj", "{789FF91B-4FFE-4AF8-827D-77BEE1FDB24B}"
EndProject
Project("{2150E333-8FDC-42A3-9474-1A3956D46DE8}") = "IM.Infrastructure", "IM.Infrastructure", "{A4284675-2E7C-4D15-8DD0-D46821E87602}"
EndProject
Project("{9A19103F-16F7-4668-BE54-9A1E7A4F7556}") = "InventoryManagement.Infrastructure.EFCore", "InventoryMangement.Infrastructure.EFCore\InventoryManagement.Infrastructure.EFCore.csproj", "{6647378B-04FF-4689-96DF-B13433D92C5E}"
EndProject
Project("{9A19103F-16F7-4668-BE54-9A1E7A4F7556}") = "InventoryManagement.Infrastructure.Configuration", "InventoryManagement.Infrastructure.Configuration\InventoryManagement.Infrastructure.Configuration.csproj", "{80224122-889C-44D2-B12A-75E27D1F258A}"
EndProject
Project("{2150E333-8FDC-42A3-9474-1A3956D46DE8}") = "BlogManagement", "BlogManagement", "{FEE07BF9-11C7-4CD3-8F79-A7C285599A11}"
EndProject
Project("{2150E333-8FDC-42A3-9474-1A3956D46DE8}") = "BM.Domain", "BM.Domain", "{9463F9D3-7D8C-4F97-B60A-481471BA9096}"
EndProject
Project("{2150E333-8FDC-42A3-9474-1A3956D46DE8}") = "BM.Application", "BM.Application", "{B1358963-241F-4D96-8346-904D775E7E7D}"
EndProject
Project("{2150E333-8FDC-42A3-9474-1A3956D46DE8}") = "BM.Infrastructure", "BM.Infrastructure", "{1762FE74-792D-472E-9747-FA000AE72A99}"
EndProject
Project("{9A19103F-16F7-4668-BE54-9A1E7A4F7556}") = "BlogManagement.Domain", "BlogManagement.Domain\BlogManagement.Domain.csproj", "{BEB5B5C8-2222-4D76-832B-CF53692BA576}"
EndProject
Project("{9A19103F-16F7-4668-BE54-9A1E7A4F7556}") = "BlogManagement.Application.Contracts", "BlogManagement.Application.Contracts\BlogManagement.Application.Contracts.csproj", "{3F4EDAD8-5F3D-4759-A51F-3453B4493AC2}"
EndProject
Project("{9A19103F-16F7-4668-BE54-9A1E7A4F7556}") = "BlogManagement.Application", "BlogManagement.Application\BlogManagement.Application.csproj", "{5D73B17D-2A07-4DAE-9658-AA3EBFA9115E}"
EndProject
Project("{9A19103F-16F7-4668-BE54-9A1E7A4F7556}") = "BlogManagement.Infrastructure.EFCore", "BlogManagement.Infrastructure.EFCore\BlogManagement.Infrastructure.EFCore.csproj", "{53F4D1A9-00A1-431E-8E83-F5B6968FF5D1}"
EndProject
Project("{9A19103F-16F7-4668-BE54-9A1E7A4F7556}") = "BlogManagement.Infrastructure.Configuration", "BlogManagement.Infrastructure.Configuration\BlogManagement.Infrastructure.Configuration.csproj", "{88D46A9F-26BE-4952-AB07-D8099C95F5D2}"
EndProject
Project("{2150E333-8FDC-42A3-9474-1A3956D46DE8}") = "CommentManagement", "CommentManagement", "{2B4C24F6-801F-4794-8AD2-7CA3DC69835D}"
EndProject
Project("{2150E333-8FDC-42A3-9474-1A3956D46DE8}") = "CM.Domain", "CM.Domain", "{1117DFAC-C752-42D4-8D0C-CF70533B6448}"
EndProject
Project("{2150E333-8FDC-42A3-9474-1A3956D46DE8}") = "CM.Application", "CM.Application", "{52FCD6A5-1997-4039-86F6-2110A0BB9771}"
EndProject
Project("{2150E333-8FDC-42A3-9474-1A3956D46DE8}") = "CM.Infrastructure", "CM.Infrastructure", "{519A9376-387C-4571-9083-7EA6AC1E3641}"
EndProject
Project("{9A19103F-16F7-4668-BE54-9A1E7A4F7556}") = "CommentManagement.Domain", "CommentManagement.Domain\CommentManagement.Domain.csproj", "{B85E6B19-17E3-4317-A7AD-E6DAF2A3CFD4}"
EndProject
Project("{9A19103F-16F7-4668-BE54-9A1E7A4F7556}") = "CommentManagement.Application.Contracts", "CommentManagement.Application.Contracts\CommentManagement.Application.Contracts.csproj", "{127E3B7E-36D8-4ECB-9E33-05561C2A1082}"
EndProject
Project("{9A19103F-16F7-4668-BE54-9A1E7A4F7556}") = "CommentManagement.Application", "CommentManagement.Application\CommentManagement.Application.csproj", "{2129190D-992E-4E03-BCAD-9BDFC5DA0298}"
EndProject
Project("{9A19103F-16F7-4668-BE54-9A1E7A4F7556}") = "CommnetManagement.Infrastructure.EFCore", "CommnetManagement.Infrastructure.EFCore\CommnetManagement.Infrastructure.EFCore.csproj", "{23BD18F3-AB7D-4789-A04E-597E4BCBB761}"
EndProject
Project("{9A19103F-16F7-4668-BE54-9A1E7A4F7556}") = "CommentManagement.Infrastructure.Configuration", "CommentManagement.Infrastructure.Configuration\CommentManagement.Infrastructure.Configuration.csproj", "{02AA9087-A4B7-401E-B8A1-E6C5AB3CEC7E}"
EndProject
Project("{2150E333-8FDC-42A3-9474-1A3956D46DE8}") = "AccountManagement", "AccountManagement", "{6AF58469-CCE6-4BBD-A7E4-FBBEB50E20EF}"
EndProject
Project("{2150E333-8FDC-42A3-9474-1A3956D46DE8}") = "AM.Domain", "AM.Domain", "{0459CD42-569E-493E-8E02-656BA4A4DCEF}"
EndProject
Project("{2150E333-8FDC-42A3-9474-1A3956D46DE8}") = "AM.Application", "AM.Application", "{5B1C8C92-B25A-4193-BD7C-58CCD9EEFA97}"
EndProject
Project("{2150E333-8FDC-42A3-9474-1A3956D46DE8}") = "AM.Infrastructure", "AM.Infrastructure", "{1134774E-756F-4CB3-BC17-B8F74B6FAC09}"
EndProject
Project("{9A19103F-16F7-4668-BE54-9A1E7A4F7556}") = "AccountManagement.Domain", "AccountManagement.Domain\AccountManagement.Domain.csproj", "{BC365B3A-F184-4D1B-A841-EF9630824AD0}"
EndProject
Project("{9A19103F-16F7-4668-BE54-9A1E7A4F7556}") = "AccountManagement.Application.Contracts", "AccountManagement.Application.Contracts\AccountManagement.Application.Contracts.csproj", "{D829762D-7AA8-47CA-BD40-2F755734E443}"
EndProject
Project("{9A19103F-16F7-4668-BE54-9A1E7A4F7556}") = "AccountManagement.Application", "AccountManagement.Application\AccountManagement.Application.csproj", "{6AE23508-64E8-45F9-81D1-191409A4D101}"
EndProject
Project("{9A19103F-16F7-4668-BE54-9A1E7A4F7556}") = "AccountMangement.Infrastructure.EFCore", "AccountMangement.Infrastructure.EFCore\AccountMangement.Infrastructure.EFCore.csproj", "{6C3245B5-B5AA-43B6-81B1-66ABFBC4B473}"
EndProject
Project("{9A19103F-16F7-4668-BE54-9A1E7A4F7556}") = "AccountManagement.Configuration", "AccountManagement.Configuration\AccountManagement.Configuration.csproj", "{4CAD2E25-F063-4B37-BF77-0B0C65985A0E}"
EndProject
Project("{FAE04EC0-301F-11D3-BF4B-00C04F79EFBC}") = "ShopManagement.Infrastructure.InventoryAcl", "ShopManagement.Infrastructure.InventoryAcl\ShopManagement.Infrastructure.InventoryAcl.csproj", "{9B54CFB6-AE76-4DA9-B07C-B489BBA9F984}"
EndProject
Project("{FAE04EC0-301F-11D3-BF4B-00C04F79EFBC}") = "ShopManagement.Infrastructure.AccountAcl", "ShopManagement.Infrastructure.AccountAcl\ShopManagement.Infrastructure.AccountAcl.csproj", "{66D1B9E7-02D8-4D3E-B456-5326BD125F3B}"
EndProject
Project("{2150E333-8FDC-42A3-9474-1A3956D46DE8}") = "SM.Presentation", "SM.Presentation", "{62F5E44F-BBAE-4D95-A590-D9252931AFE5}"
EndProject
Project("{FAE04EC0-301F-11D3-BF4B-00C04F79EFBC}") = "ShopManagement.Presentation.Api", "ShopManagement.Presentation.Api\ShopManagement.Presentation.Api.csproj", "{F84A073E-3E6A-42B1-91C4-A9596544DA2C}"
EndProject
Project("{2150E333-8FDC-42A3-9474-1A3956D46DE8}") = "IM.Presentation", "IM.Presentation", "{CDE1D741-BFDC-47D2-8427-9305F95ED941}"
EndProject
Project("{FAE04EC0-301F-11D3-BF4B-00C04F79EFBC}") = "InventoryManagement.Presentation", "InventoryManagement.Presentation\InventoryManagement.Presentation.csproj", "{6BAA56D8-D473-4F70-9081-990B7A31FDE2}"
EndProject
Global
	GlobalSection(SolutionConfigurationPlatforms) = preSolution
		Debug|Any CPU = Debug|Any CPU
		Release|Any CPU = Release|Any CPU
	EndGlobalSection
	GlobalSection(ProjectConfigurationPlatforms) = postSolution
		{281AA602-7718-42FF-8046-13446C0DE9E8}.Debug|Any CPU.ActiveCfg = Debug|Any CPU
		{281AA602-7718-42FF-8046-13446C0DE9E8}.Debug|Any CPU.Build.0 = Debug|Any CPU
		{281AA602-7718-42FF-8046-13446C0DE9E8}.Release|Any CPU.ActiveCfg = Release|Any CPU
		{281AA602-7718-42FF-8046-13446C0DE9E8}.Release|Any CPU.Build.0 = Release|Any CPU
		{D9E73A7B-F7BA-42B5-B4C6-2F81FF0C7B40}.Debug|Any CPU.ActiveCfg = Debug|Any CPU
		{D9E73A7B-F7BA-42B5-B4C6-2F81FF0C7B40}.Debug|Any CPU.Build.0 = Debug|Any CPU
		{D9E73A7B-F7BA-42B5-B4C6-2F81FF0C7B40}.Release|Any CPU.ActiveCfg = Release|Any CPU
		{D9E73A7B-F7BA-42B5-B4C6-2F81FF0C7B40}.Release|Any CPU.Build.0 = Release|Any CPU
		{1234E416-8825-40B2-9DFE-42951ABC5D91}.Debug|Any CPU.ActiveCfg = Debug|Any CPU
		{1234E416-8825-40B2-9DFE-42951ABC5D91}.Debug|Any CPU.Build.0 = Debug|Any CPU
		{1234E416-8825-40B2-9DFE-42951ABC5D91}.Release|Any CPU.ActiveCfg = Release|Any CPU
		{1234E416-8825-40B2-9DFE-42951ABC5D91}.Release|Any CPU.Build.0 = Release|Any CPU
		{0EF27A0B-50CA-463E-9AF7-7A591C9CAFD8}.Debug|Any CPU.ActiveCfg = Debug|Any CPU
		{0EF27A0B-50CA-463E-9AF7-7A591C9CAFD8}.Debug|Any CPU.Build.0 = Debug|Any CPU
		{0EF27A0B-50CA-463E-9AF7-7A591C9CAFD8}.Release|Any CPU.ActiveCfg = Release|Any CPU
		{0EF27A0B-50CA-463E-9AF7-7A591C9CAFD8}.Release|Any CPU.Build.0 = Release|Any CPU
		{2925D5B3-6C79-4D4D-ABD8-F8BA27A4412A}.Debug|Any CPU.ActiveCfg = Debug|Any CPU
		{2925D5B3-6C79-4D4D-ABD8-F8BA27A4412A}.Debug|Any CPU.Build.0 = Debug|Any CPU
		{2925D5B3-6C79-4D4D-ABD8-F8BA27A4412A}.Release|Any CPU.ActiveCfg = Release|Any CPU
		{2925D5B3-6C79-4D4D-ABD8-F8BA27A4412A}.Release|Any CPU.Build.0 = Release|Any CPU
		{E6753E2E-5474-4570-A5FF-799C21B6A27E}.Debug|Any CPU.ActiveCfg = Debug|Any CPU
		{E6753E2E-5474-4570-A5FF-799C21B6A27E}.Debug|Any CPU.Build.0 = Debug|Any CPU
		{E6753E2E-5474-4570-A5FF-799C21B6A27E}.Release|Any CPU.ActiveCfg = Release|Any CPU
		{E6753E2E-5474-4570-A5FF-799C21B6A27E}.Release|Any CPU.Build.0 = Release|Any CPU
		{2A33DB64-8974-4B67-BF26-556E52422E3A}.Debug|Any CPU.ActiveCfg = Debug|Any CPU
		{2A33DB64-8974-4B67-BF26-556E52422E3A}.Debug|Any CPU.Build.0 = Debug|Any CPU
		{2A33DB64-8974-4B67-BF26-556E52422E3A}.Release|Any CPU.ActiveCfg = Release|Any CPU
		{2A33DB64-8974-4B67-BF26-556E52422E3A}.Release|Any CPU.Build.0 = Release|Any CPU
		{EE7968DC-F3C2-46FD-AC56-D39DD57382C1}.Debug|Any CPU.ActiveCfg = Debug|Any CPU
		{EE7968DC-F3C2-46FD-AC56-D39DD57382C1}.Debug|Any CPU.Build.0 = Debug|Any CPU
		{EE7968DC-F3C2-46FD-AC56-D39DD57382C1}.Release|Any CPU.ActiveCfg = Release|Any CPU
		{EE7968DC-F3C2-46FD-AC56-D39DD57382C1}.Release|Any CPU.Build.0 = Release|Any CPU
		{F9EEAF0F-A64A-45DB-939A-BCB1E96BE173}.Debug|Any CPU.ActiveCfg = Debug|Any CPU
		{F9EEAF0F-A64A-45DB-939A-BCB1E96BE173}.Debug|Any CPU.Build.0 = Debug|Any CPU
		{F9EEAF0F-A64A-45DB-939A-BCB1E96BE173}.Release|Any CPU.ActiveCfg = Release|Any CPU
		{F9EEAF0F-A64A-45DB-939A-BCB1E96BE173}.Release|Any CPU.Build.0 = Release|Any CPU
		{28318738-A61F-4137-952E-5526E106213D}.Debug|Any CPU.ActiveCfg = Debug|Any CPU
		{28318738-A61F-4137-952E-5526E106213D}.Debug|Any CPU.Build.0 = Debug|Any CPU
		{28318738-A61F-4137-952E-5526E106213D}.Release|Any CPU.ActiveCfg = Release|Any CPU
		{28318738-A61F-4137-952E-5526E106213D}.Release|Any CPU.Build.0 = Release|Any CPU
		{927082D2-8068-434F-9C2C-2D7D9090AA04}.Debug|Any CPU.ActiveCfg = Debug|Any CPU
		{927082D2-8068-434F-9C2C-2D7D9090AA04}.Debug|Any CPU.Build.0 = Debug|Any CPU
		{927082D2-8068-434F-9C2C-2D7D9090AA04}.Release|Any CPU.ActiveCfg = Release|Any CPU
		{927082D2-8068-434F-9C2C-2D7D9090AA04}.Release|Any CPU.Build.0 = Release|Any CPU
		{5B5189B7-17CA-4CE1-AC13-3FC817DD928D}.Debug|Any CPU.ActiveCfg = Debug|Any CPU
		{5B5189B7-17CA-4CE1-AC13-3FC817DD928D}.Debug|Any CPU.Build.0 = Debug|Any CPU
		{5B5189B7-17CA-4CE1-AC13-3FC817DD928D}.Release|Any CPU.ActiveCfg = Release|Any CPU
		{5B5189B7-17CA-4CE1-AC13-3FC817DD928D}.Release|Any CPU.Build.0 = Release|Any CPU
		{9929C679-91DA-4C65-B27E-BD0F2A16FC68}.Debug|Any CPU.ActiveCfg = Debug|Any CPU
		{9929C679-91DA-4C65-B27E-BD0F2A16FC68}.Debug|Any CPU.Build.0 = Debug|Any CPU
		{9929C679-91DA-4C65-B27E-BD0F2A16FC68}.Release|Any CPU.ActiveCfg = Release|Any CPU
		{9929C679-91DA-4C65-B27E-BD0F2A16FC68}.Release|Any CPU.Build.0 = Release|Any CPU
		{E0BACC20-99BA-4379-9818-01F5DD5E4342}.Debug|Any CPU.ActiveCfg = Debug|Any CPU
		{E0BACC20-99BA-4379-9818-01F5DD5E4342}.Debug|Any CPU.Build.0 = Debug|Any CPU
		{E0BACC20-99BA-4379-9818-01F5DD5E4342}.Release|Any CPU.ActiveCfg = Release|Any CPU
		{E0BACC20-99BA-4379-9818-01F5DD5E4342}.Release|Any CPU.Build.0 = Release|Any CPU
		{72003E41-F414-442C-8DCF-184D3AA4DB8A}.Debug|Any CPU.ActiveCfg = Debug|Any CPU
		{72003E41-F414-442C-8DCF-184D3AA4DB8A}.Debug|Any CPU.Build.0 = Debug|Any CPU
		{72003E41-F414-442C-8DCF-184D3AA4DB8A}.Release|Any CPU.ActiveCfg = Release|Any CPU
		{72003E41-F414-442C-8DCF-184D3AA4DB8A}.Release|Any CPU.Build.0 = Release|Any CPU
		{789FF91B-4FFE-4AF8-827D-77BEE1FDB24B}.Debug|Any CPU.ActiveCfg = Debug|Any CPU
		{789FF91B-4FFE-4AF8-827D-77BEE1FDB24B}.Debug|Any CPU.Build.0 = Debug|Any CPU
		{789FF91B-4FFE-4AF8-827D-77BEE1FDB24B}.Release|Any CPU.ActiveCfg = Release|Any CPU
		{789FF91B-4FFE-4AF8-827D-77BEE1FDB24B}.Release|Any CPU.Build.0 = Release|Any CPU
		{6647378B-04FF-4689-96DF-B13433D92C5E}.Debug|Any CPU.ActiveCfg = Debug|Any CPU
		{6647378B-04FF-4689-96DF-B13433D92C5E}.Debug|Any CPU.Build.0 = Debug|Any CPU
		{6647378B-04FF-4689-96DF-B13433D92C5E}.Release|Any CPU.ActiveCfg = Release|Any CPU
		{6647378B-04FF-4689-96DF-B13433D92C5E}.Release|Any CPU.Build.0 = Release|Any CPU
		{80224122-889C-44D2-B12A-75E27D1F258A}.Debug|Any CPU.ActiveCfg = Debug|Any CPU
		{80224122-889C-44D2-B12A-75E27D1F258A}.Debug|Any CPU.Build.0 = Debug|Any CPU
		{80224122-889C-44D2-B12A-75E27D1F258A}.Release|Any CPU.ActiveCfg = Release|Any CPU
		{80224122-889C-44D2-B12A-75E27D1F258A}.Release|Any CPU.Build.0 = Release|Any CPU
		{BEB5B5C8-2222-4D76-832B-CF53692BA576}.Debug|Any CPU.ActiveCfg = Debug|Any CPU
		{BEB5B5C8-2222-4D76-832B-CF53692BA576}.Debug|Any CPU.Build.0 = Debug|Any CPU
		{BEB5B5C8-2222-4D76-832B-CF53692BA576}.Release|Any CPU.ActiveCfg = Release|Any CPU
		{BEB5B5C8-2222-4D76-832B-CF53692BA576}.Release|Any CPU.Build.0 = Release|Any CPU
		{3F4EDAD8-5F3D-4759-A51F-3453B4493AC2}.Debug|Any CPU.ActiveCfg = Debug|Any CPU
		{3F4EDAD8-5F3D-4759-A51F-3453B4493AC2}.Debug|Any CPU.Build.0 = Debug|Any CPU
		{3F4EDAD8-5F3D-4759-A51F-3453B4493AC2}.Release|Any CPU.ActiveCfg = Release|Any CPU
		{3F4EDAD8-5F3D-4759-A51F-3453B4493AC2}.Release|Any CPU.Build.0 = Release|Any CPU
		{5D73B17D-2A07-4DAE-9658-AA3EBFA9115E}.Debug|Any CPU.ActiveCfg = Debug|Any CPU
		{5D73B17D-2A07-4DAE-9658-AA3EBFA9115E}.Debug|Any CPU.Build.0 = Debug|Any CPU
		{5D73B17D-2A07-4DAE-9658-AA3EBFA9115E}.Release|Any CPU.ActiveCfg = Release|Any CPU
		{5D73B17D-2A07-4DAE-9658-AA3EBFA9115E}.Release|Any CPU.Build.0 = Release|Any CPU
		{53F4D1A9-00A1-431E-8E83-F5B6968FF5D1}.Debug|Any CPU.ActiveCfg = Debug|Any CPU
		{53F4D1A9-00A1-431E-8E83-F5B6968FF5D1}.Debug|Any CPU.Build.0 = Debug|Any CPU
		{53F4D1A9-00A1-431E-8E83-F5B6968FF5D1}.Release|Any CPU.ActiveCfg = Release|Any CPU
		{53F4D1A9-00A1-431E-8E83-F5B6968FF5D1}.Release|Any CPU.Build.0 = Release|Any CPU
		{88D46A9F-26BE-4952-AB07-D8099C95F5D2}.Debug|Any CPU.ActiveCfg = Debug|Any CPU
		{88D46A9F-26BE-4952-AB07-D8099C95F5D2}.Debug|Any CPU.Build.0 = Debug|Any CPU
		{88D46A9F-26BE-4952-AB07-D8099C95F5D2}.Release|Any CPU.ActiveCfg = Release|Any CPU
		{88D46A9F-26BE-4952-AB07-D8099C95F5D2}.Release|Any CPU.Build.0 = Release|Any CPU
		{B85E6B19-17E3-4317-A7AD-E6DAF2A3CFD4}.Debug|Any CPU.ActiveCfg = Debug|Any CPU
		{B85E6B19-17E3-4317-A7AD-E6DAF2A3CFD4}.Debug|Any CPU.Build.0 = Debug|Any CPU
		{B85E6B19-17E3-4317-A7AD-E6DAF2A3CFD4}.Release|Any CPU.ActiveCfg = Release|Any CPU
		{B85E6B19-17E3-4317-A7AD-E6DAF2A3CFD4}.Release|Any CPU.Build.0 = Release|Any CPU
		{127E3B7E-36D8-4ECB-9E33-05561C2A1082}.Debug|Any CPU.ActiveCfg = Debug|Any CPU
		{127E3B7E-36D8-4ECB-9E33-05561C2A1082}.Debug|Any CPU.Build.0 = Debug|Any CPU
		{127E3B7E-36D8-4ECB-9E33-05561C2A1082}.Release|Any CPU.ActiveCfg = Release|Any CPU
		{127E3B7E-36D8-4ECB-9E33-05561C2A1082}.Release|Any CPU.Build.0 = Release|Any CPU
		{2129190D-992E-4E03-BCAD-9BDFC5DA0298}.Debug|Any CPU.ActiveCfg = Debug|Any CPU
		{2129190D-992E-4E03-BCAD-9BDFC5DA0298}.Debug|Any CPU.Build.0 = Debug|Any CPU
		{2129190D-992E-4E03-BCAD-9BDFC5DA0298}.Release|Any CPU.ActiveCfg = Release|Any CPU
		{2129190D-992E-4E03-BCAD-9BDFC5DA0298}.Release|Any CPU.Build.0 = Release|Any CPU
		{23BD18F3-AB7D-4789-A04E-597E4BCBB761}.Debug|Any CPU.ActiveCfg = Debug|Any CPU
		{23BD18F3-AB7D-4789-A04E-597E4BCBB761}.Debug|Any CPU.Build.0 = Debug|Any CPU
		{23BD18F3-AB7D-4789-A04E-597E4BCBB761}.Release|Any CPU.ActiveCfg = Release|Any CPU
		{23BD18F3-AB7D-4789-A04E-597E4BCBB761}.Release|Any CPU.Build.0 = Release|Any CPU
		{02AA9087-A4B7-401E-B8A1-E6C5AB3CEC7E}.Debug|Any CPU.ActiveCfg = Debug|Any CPU
		{02AA9087-A4B7-401E-B8A1-E6C5AB3CEC7E}.Debug|Any CPU.Build.0 = Debug|Any CPU
		{02AA9087-A4B7-401E-B8A1-E6C5AB3CEC7E}.Release|Any CPU.ActiveCfg = Release|Any CPU
		{02AA9087-A4B7-401E-B8A1-E6C5AB3CEC7E}.Release|Any CPU.Build.0 = Release|Any CPU
		{BC365B3A-F184-4D1B-A841-EF9630824AD0}.Debug|Any CPU.ActiveCfg = Debug|Any CPU
		{BC365B3A-F184-4D1B-A841-EF9630824AD0}.Debug|Any CPU.Build.0 = Debug|Any CPU
		{BC365B3A-F184-4D1B-A841-EF9630824AD0}.Release|Any CPU.ActiveCfg = Release|Any CPU
		{BC365B3A-F184-4D1B-A841-EF9630824AD0}.Release|Any CPU.Build.0 = Release|Any CPU
		{D829762D-7AA8-47CA-BD40-2F755734E443}.Debug|Any CPU.ActiveCfg = Debug|Any CPU
		{D829762D-7AA8-47CA-BD40-2F755734E443}.Debug|Any CPU.Build.0 = Debug|Any CPU
		{D829762D-7AA8-47CA-BD40-2F755734E443}.Release|Any CPU.ActiveCfg = Release|Any CPU
		{D829762D-7AA8-47CA-BD40-2F755734E443}.Release|Any CPU.Build.0 = Release|Any CPU
		{6AE23508-64E8-45F9-81D1-191409A4D101}.Debug|Any CPU.ActiveCfg = Debug|Any CPU
		{6AE23508-64E8-45F9-81D1-191409A4D101}.Debug|Any CPU.Build.0 = Debug|Any CPU
		{6AE23508-64E8-45F9-81D1-191409A4D101}.Release|Any CPU.ActiveCfg = Release|Any CPU
		{6AE23508-64E8-45F9-81D1-191409A4D101}.Release|Any CPU.Build.0 = Release|Any CPU
		{6C3245B5-B5AA-43B6-81B1-66ABFBC4B473}.Debug|Any CPU.ActiveCfg = Debug|Any CPU
		{6C3245B5-B5AA-43B6-81B1-66ABFBC4B473}.Debug|Any CPU.Build.0 = Debug|Any CPU
		{6C3245B5-B5AA-43B6-81B1-66ABFBC4B473}.Release|Any CPU.ActiveCfg = Release|Any CPU
		{6C3245B5-B5AA-43B6-81B1-66ABFBC4B473}.Release|Any CPU.Build.0 = Release|Any CPU
		{4CAD2E25-F063-4B37-BF77-0B0C65985A0E}.Debug|Any CPU.ActiveCfg = Debug|Any CPU
		{4CAD2E25-F063-4B37-BF77-0B0C65985A0E}.Debug|Any CPU.Build.0 = Debug|Any CPU
		{4CAD2E25-F063-4B37-BF77-0B0C65985A0E}.Release|Any CPU.ActiveCfg = Release|Any CPU
		{4CAD2E25-F063-4B37-BF77-0B0C65985A0E}.Release|Any CPU.Build.0 = Release|Any CPU
		{9B54CFB6-AE76-4DA9-B07C-B489BBA9F984}.Debug|Any CPU.ActiveCfg = Debug|Any CPU
		{9B54CFB6-AE76-4DA9-B07C-B489BBA9F984}.Debug|Any CPU.Build.0 = Debug|Any CPU
		{9B54CFB6-AE76-4DA9-B07C-B489BBA9F984}.Release|Any CPU.ActiveCfg = Release|Any CPU
		{9B54CFB6-AE76-4DA9-B07C-B489BBA9F984}.Release|Any CPU.Build.0 = Release|Any CPU
		{66D1B9E7-02D8-4D3E-B456-5326BD125F3B}.Debug|Any CPU.ActiveCfg = Debug|Any CPU
		{66D1B9E7-02D8-4D3E-B456-5326BD125F3B}.Debug|Any CPU.Build.0 = Debug|Any CPU
		{66D1B9E7-02D8-4D3E-B456-5326BD125F3B}.Release|Any CPU.ActiveCfg = Release|Any CPU
		{66D1B9E7-02D8-4D3E-B456-5326BD125F3B}.Release|Any CPU.Build.0 = Release|Any CPU
		{F84A073E-3E6A-42B1-91C4-A9596544DA2C}.Debug|Any CPU.ActiveCfg = Debug|Any CPU
		{F84A073E-3E6A-42B1-91C4-A9596544DA2C}.Debug|Any CPU.Build.0 = Debug|Any CPU
		{F84A073E-3E6A-42B1-91C4-A9596544DA2C}.Release|Any CPU.ActiveCfg = Release|Any CPU
		{F84A073E-3E6A-42B1-91C4-A9596544DA2C}.Release|Any CPU.Build.0 = Release|Any CPU
		{6BAA56D8-D473-4F70-9081-990B7A31FDE2}.Debug|Any CPU.ActiveCfg = Debug|Any CPU
		{6BAA56D8-D473-4F70-9081-990B7A31FDE2}.Debug|Any CPU.Build.0 = Debug|Any CPU
		{6BAA56D8-D473-4F70-9081-990B7A31FDE2}.Release|Any CPU.ActiveCfg = Release|Any CPU
		{6BAA56D8-D473-4F70-9081-990B7A31FDE2}.Release|Any CPU.Build.0 = Release|Any CPU
	EndGlobalSection
	GlobalSection(SolutionProperties) = preSolution
		HideSolutionNode = FALSE
	EndGlobalSection
	GlobalSection(NestedProjects) = preSolution
		{61ADA008-0AA9-48FF-A35F-A1150432D391} = {660D19AD-D423-4EF2-B213-BEB9B1858CE8}
		{281AA602-7718-42FF-8046-13446C0DE9E8} = {61ADA008-0AA9-48FF-A35F-A1150432D391}
		{73720723-F7CC-4281-8908-78B63022F894} = {660D19AD-D423-4EF2-B213-BEB9B1858CE8}
		{1234E416-8825-40B2-9DFE-42951ABC5D91} = {73720723-F7CC-4281-8908-78B63022F894}
		{0EF27A0B-50CA-463E-9AF7-7A591C9CAFD8} = {73720723-F7CC-4281-8908-78B63022F894}
		{BB8CDF6A-D92C-4624-821A-70169DABBE26} = {660D19AD-D423-4EF2-B213-BEB9B1858CE8}
		{2925D5B3-6C79-4D4D-ABD8-F8BA27A4412A} = {BB8CDF6A-D92C-4624-821A-70169DABBE26}
		{E6753E2E-5474-4570-A5FF-799C21B6A27E} = {BB8CDF6A-D92C-4624-821A-70169DABBE26}
		{990426FA-288E-4128-8DD8-B8BE118ADF16} = {6FE88DE1-45BC-49F8-BA7D-E10C16F7C888}
		{F9EEAF0F-A64A-45DB-939A-BCB1E96BE173} = {990426FA-288E-4128-8DD8-B8BE118ADF16}
		{B4E14CF0-4350-4BC2-8688-7C93F7A5AEE3} = {6FE88DE1-45BC-49F8-BA7D-E10C16F7C888}
		{0C647FCD-6079-49FF-B4BE-A3439FDE8CE0} = {6FE88DE1-45BC-49F8-BA7D-E10C16F7C888}
		{28318738-A61F-4137-952E-5526E106213D} = {B4E14CF0-4350-4BC2-8688-7C93F7A5AEE3}
		{927082D2-8068-434F-9C2C-2D7D9090AA04} = {B4E14CF0-4350-4BC2-8688-7C93F7A5AEE3}
		{5B5189B7-17CA-4CE1-AC13-3FC817DD928D} = {0C647FCD-6079-49FF-B4BE-A3439FDE8CE0}
		{9929C679-91DA-4C65-B27E-BD0F2A16FC68} = {0C647FCD-6079-49FF-B4BE-A3439FDE8CE0}
		{9163388F-2879-4364-AB63-933905027540} = {D529A76E-184E-486F-96FC-0927F1E56A0C}
		{E0BACC20-99BA-4379-9818-01F5DD5E4342} = {9163388F-2879-4364-AB63-933905027540}
		{3700EE8F-3DCA-4003-A2AF-167FD789605A} = {D529A76E-184E-486F-96FC-0927F1E56A0C}
		{72003E41-F414-442C-8DCF-184D3AA4DB8A} = {3700EE8F-3DCA-4003-A2AF-167FD789605A}
		{789FF91B-4FFE-4AF8-827D-77BEE1FDB24B} = {3700EE8F-3DCA-4003-A2AF-167FD789605A}
		{A4284675-2E7C-4D15-8DD0-D46821E87602} = {D529A76E-184E-486F-96FC-0927F1E56A0C}
		{6647378B-04FF-4689-96DF-B13433D92C5E} = {A4284675-2E7C-4D15-8DD0-D46821E87602}
		{80224122-889C-44D2-B12A-75E27D1F258A} = {A4284675-2E7C-4D15-8DD0-D46821E87602}
		{9463F9D3-7D8C-4F97-B60A-481471BA9096} = {FEE07BF9-11C7-4CD3-8F79-A7C285599A11}
		{B1358963-241F-4D96-8346-904D775E7E7D} = {FEE07BF9-11C7-4CD3-8F79-A7C285599A11}
		{1762FE74-792D-472E-9747-FA000AE72A99} = {FEE07BF9-11C7-4CD3-8F79-A7C285599A11}
		{BEB5B5C8-2222-4D76-832B-CF53692BA576} = {9463F9D3-7D8C-4F97-B60A-481471BA9096}
		{3F4EDAD8-5F3D-4759-A51F-3453B4493AC2} = {B1358963-241F-4D96-8346-904D775E7E7D}
		{5D73B17D-2A07-4DAE-9658-AA3EBFA9115E} = {B1358963-241F-4D96-8346-904D775E7E7D}
		{53F4D1A9-00A1-431E-8E83-F5B6968FF5D1} = {1762FE74-792D-472E-9747-FA000AE72A99}
		{88D46A9F-26BE-4952-AB07-D8099C95F5D2} = {1762FE74-792D-472E-9747-FA000AE72A99}
		{1117DFAC-C752-42D4-8D0C-CF70533B6448} = {2B4C24F6-801F-4794-8AD2-7CA3DC69835D}
		{52FCD6A5-1997-4039-86F6-2110A0BB9771} = {2B4C24F6-801F-4794-8AD2-7CA3DC69835D}
		{519A9376-387C-4571-9083-7EA6AC1E3641} = {2B4C24F6-801F-4794-8AD2-7CA3DC69835D}
		{B85E6B19-17E3-4317-A7AD-E6DAF2A3CFD4} = {1117DFAC-C752-42D4-8D0C-CF70533B6448}
		{127E3B7E-36D8-4ECB-9E33-05561C2A1082} = {52FCD6A5-1997-4039-86F6-2110A0BB9771}
		{2129190D-992E-4E03-BCAD-9BDFC5DA0298} = {52FCD6A5-1997-4039-86F6-2110A0BB9771}
		{23BD18F3-AB7D-4789-A04E-597E4BCBB761} = {519A9376-387C-4571-9083-7EA6AC1E3641}
		{02AA9087-A4B7-401E-B8A1-E6C5AB3CEC7E} = {519A9376-387C-4571-9083-7EA6AC1E3641}
		{0459CD42-569E-493E-8E02-656BA4A4DCEF} = {6AF58469-CCE6-4BBD-A7E4-FBBEB50E20EF}
		{5B1C8C92-B25A-4193-BD7C-58CCD9EEFA97} = {6AF58469-CCE6-4BBD-A7E4-FBBEB50E20EF}
		{1134774E-756F-4CB3-BC17-B8F74B6FAC09} = {6AF58469-CCE6-4BBD-A7E4-FBBEB50E20EF}
		{BC365B3A-F184-4D1B-A841-EF9630824AD0} = {0459CD42-569E-493E-8E02-656BA4A4DCEF}
		{D829762D-7AA8-47CA-BD40-2F755734E443} = {5B1C8C92-B25A-4193-BD7C-58CCD9EEFA97}
		{6AE23508-64E8-45F9-81D1-191409A4D101} = {5B1C8C92-B25A-4193-BD7C-58CCD9EEFA97}
		{6C3245B5-B5AA-43B6-81B1-66ABFBC4B473} = {1134774E-756F-4CB3-BC17-B8F74B6FAC09}
		{4CAD2E25-F063-4B37-BF77-0B0C65985A0E} = {1134774E-756F-4CB3-BC17-B8F74B6FAC09}
		{9B54CFB6-AE76-4DA9-B07C-B489BBA9F984} = {BB8CDF6A-D92C-4624-821A-70169DABBE26}
		{66D1B9E7-02D8-4D3E-B456-5326BD125F3B} = {BB8CDF6A-D92C-4624-821A-70169DABBE26}
		{62F5E44F-BBAE-4D95-A590-D9252931AFE5} = {660D19AD-D423-4EF2-B213-BEB9B1858CE8}
		{F84A073E-3E6A-42B1-91C4-A9596544DA2C} = {62F5E44F-BBAE-4D95-A590-D9252931AFE5}
		{CDE1D741-BFDC-47D2-8427-9305F95ED941} = {D529A76E-184E-486F-96FC-0927F1E56A0C}
		{6BAA56D8-D473-4F70-9081-990B7A31FDE2} = {CDE1D741-BFDC-47D2-8427-9305F95ED941}
	EndGlobalSection
	GlobalSection(ExtensibilityGlobals) = postSolution
		SolutionGuid = {D6031CBF-8BF1-45AF-95B8-48DEEABD06F0}
	EndGlobalSection
EndGlobal
